{
  "name": "@waba/js-console-error-interceptor",
  "version": "1.0.2",
  "lockfileVersion": 3,
  "requires": true,
  "packages": {
    "": {
      "name": "@waba/js-console-error-interceptor",
      "version": "1.0.2",
      "license": "ISC",
      "dependencies": {
        "@waba/js-console-error-interceptor": "^1.0.2"
      }
    },
    "node_modules/@waba/js-console-error-interceptor": {
      "version": "1.0.2",
      "resolved": "https://registry.npmjs.org/@waba/js-console-error-interceptor/-/js-console-error-interceptor-1.0.2.tgz",
      "integrity": "sha512-V686V+NXKt5lnj2ADf1Ufl6tHccDvPUDgX0aTKrgxzESQVQozRuhFLDsS/412V93TlVCCRp9o0xkWcaifGUyBg=="
    }
  }
}
